
Microsoft Visual Studio Solution File, Format Version 12.00
# Visual Studio 15
VisualStudioVersion = 15.0.27703.2026
MinimumVisualStudioVersion = 10.0.40219.1
Project("{FAE04EC0-301F-11D3-BF4B-00C04F79EFBC}") = "CustomMW", "CustomMW\CustomMW.csproj", "{FD610C24-2AB3-4B55-AF4E-91D92EADD45C}"
EndProject
Global
	GlobalSection(SolutionConfigurationPlatforms) = preSolution
		Debug|Any CPU = Debug|Any CPU
		Release|Any CPU = Release|Any CPU
	EndGlobalSection
	GlobalSection(ProjectConfigurationPlatforms) = postSolution
		{FD610C24-2AB3-4B55-AF4E-91D92EADD45C}.Debug|Any CPU.ActiveCfg = Debug|Any CPU
		{FD610C24-2AB3-4B55-AF4E-91D92EADD45C}.Debug|Any CPU.Build.0 = Debug|Any CPU
		{FD610C24-2AB3-4B55-AF4E-91D92EADD45C}.Release|Any CPU.ActiveCfg = Release|Any CPU
		{FD610C24-2AB3-4B55-AF4E-91D92EADD45C}.Release|Any CPU.Build.0 = Release|Any CPU
	EndGlobalSection
	GlobalSection(SolutionProperties) = preSolution
		HideSolutionNode = FALSE
	EndGlobalSection
	GlobalSection(ExtensibilityGlobals) = postSolution
		SolutionGuid = {9E67A0DB-BE2F-43CC-859F-CC881F39BA8A}
	EndGlobalSection
EndGlobal
